
Microsoft Visual Studio Solution File, Format Version 12.00
# Visual Studio 14
VisualStudioVersion = 14.0.25420.1
MinimumVisualStudioVersion = 10.0.40219.1
Project("{FAE04EC0-301F-11D3-BF4B-00C04F79EFBC}") = "GuessAnimalGame", "GuessAnimalGame\GuessAnimalGame.csproj", "{69AA34B8-0E4C-430C-A472-4E8CE9D72E2F}"
EndProject
Global
	GlobalSection(SolutionConfigurationPlatforms) = preSolution
		Debug|Any CPU = Debug|Any CPU
		Release|Any CPU = Release|Any CPU
	EndGlobalSection
	GlobalSection(ProjectConfigurationPlatforms) = postSolution
		{69AA34B8-0E4C-430C-A472-4E8CE9D72E2F}.Debug|Any CPU.ActiveCfg = Debug|Any CPU
		{69AA34B8-0E4C-430C-A472-4E8CE9D72E2F}.Debug|Any CPU.Build.0 = Debug|Any CPU
		{69AA34B8-0E4C-430C-A472-4E8CE9D72E2F}.Release|Any CPU.ActiveCfg = Release|Any CPU
		{69AA34B8-0E4C-430C-A472-4E8CE9D72E2F}.Release|Any CPU.Build.0 = Release|Any CPU
	EndGlobalSection
	GlobalSection(SolutionProperties) = preSolution
		HideSolutionNode = FALSE
	EndGlobalSection
EndGlobal
